
Microsoft Visual Studio Solution File, Format Version 12.00
# Visual Studio Version 17
VisualStudioVersion = 17.8.34112.27
MinimumVisualStudioVersion = 10.0.40219.1
Project("{FAE04EC0-301F-11D3-BF4B-00C04F79EFBC}") = "finalcollege", "finalcollege\finalcollege.csproj", "{941EE786-166D-4737-912E-5FC737F83585}"
EndProject
Global
	GlobalSection(SolutionConfigurationPlatforms) = preSolution
		Debug|Any CPU = Debug|Any CPU
		Release|Any CPU = Release|Any CPU
	EndGlobalSection
	GlobalSection(ProjectConfigurationPlatforms) = postSolution
		{941EE786-166D-4737-912E-5FC737F83585}.Debug|Any CPU.ActiveCfg = Debug|Any CPU
		{941EE786-166D-4737-912E-5FC737F83585}.Debug|Any CPU.Build.0 = Debug|Any CPU
		{941EE786-166D-4737-912E-5FC737F83585}.Release|Any CPU.ActiveCfg = Release|Any CPU
		{941EE786-166D-4737-912E-5FC737F83585}.Release|Any CPU.Build.0 = Release|Any CPU
	EndGlobalSection
	GlobalSection(SolutionProperties) = preSolution
		HideSolutionNode = FALSE
	EndGlobalSection
	GlobalSection(ExtensibilityGlobals) = postSolution
		SolutionGuid = {87152632-90A4-4BC8-A59F-16BF4595FA91}
	EndGlobalSection
EndGlobal
